
Microsoft Visual Studio Solution File, Format Version 12.00
# Visual Studio Version 17
VisualStudioVersion = 17.3.32819.101
MinimumVisualStudioVersion = 10.0.40219.1
Project("{FAE04EC0-301F-11D3-BF4B-00C04F79EFBC}") = "MVCBasicsPracticeProject_Core", "MVCBasicsPracticeProject_Core\MVCBasicsPracticeProject_Core.csproj", "{00EEECED-C6E4-43FC-8C02-A3A82935D8FF}"
EndProject
Global
	GlobalSection(SolutionConfigurationPlatforms) = preSolution
		Debug|Any CPU = Debug|Any CPU
		Release|Any CPU = Release|Any CPU
	EndGlobalSection
	GlobalSection(ProjectConfigurationPlatforms) = postSolution
		{00EEECED-C6E4-43FC-8C02-A3A82935D8FF}.Debug|Any CPU.ActiveCfg = Debug|Any CPU
		{00EEECED-C6E4-43FC-8C02-A3A82935D8FF}.Debug|Any CPU.Build.0 = Debug|Any CPU
		{00EEECED-C6E4-43FC-8C02-A3A82935D8FF}.Release|Any CPU.ActiveCfg = Release|Any CPU
		{00EEECED-C6E4-43FC-8C02-A3A82935D8FF}.Release|Any CPU.Build.0 = Release|Any CPU
	EndGlobalSection
	GlobalSection(SolutionProperties) = preSolution
		HideSolutionNode = FALSE
	EndGlobalSection
	GlobalSection(ExtensibilityGlobals) = postSolution
		SolutionGuid = {0865B55B-F227-4D24-B9B1-802F9299BD6B}
	EndGlobalSection
EndGlobal
